
Microsoft Visual Studio Solution File, Format Version 12.00
# Visual Studio Version 17
VisualStudioVersion = 17.1.32328.378
MinimumVisualStudioVersion = 10.0.40219.1
Project("{2150E333-8FDC-42A3-9474-1A3956D46DE8}") = "src", "src", "{A73F7A51-6944-4539-94E6-E114FFE95DCE}"
EndProject
Project("{2150E333-8FDC-42A3-9474-1A3956D46DE8}") = "Core", "Core", "{89ACCED0-9EB7-4308-968F-3DE1457A76FD}"
EndProject
Project("{2150E333-8FDC-42A3-9474-1A3956D46DE8}") = "Infrastructure", "Infrastructure", "{E6D5E366-CFC2-4BEE-AB4F-59223C0B889C}"
EndProject
Project("{2150E333-8FDC-42A3-9474-1A3956D46DE8}") = "Presentation", "Presentation", "{F9767A71-73F1-4B2F-8F3B-2AD7DB9B068D}"
EndProject
Project("{FAE04EC0-301F-11D3-BF4B-00C04F79EFBC}") = "Application", "Application\Application.csproj", "{B6816AFE-91FA-4554-86C2-DAA84117305D}"
EndProject
Project("{FAE04EC0-301F-11D3-BF4B-00C04F79EFBC}") = "Domain", "Domain\Domain.csproj", "{B848FDEA-17DF-43FC-A80A-341A08ADDB90}"
EndProject
Project("{FAE04EC0-301F-11D3-BF4B-00C04F79EFBC}") = "Persistence", "Persistence\Persistence.csproj", "{D35C0EFE-FD50-4D25-8182-13FCFBC8100C}"
EndProject
Project("{FAE04EC0-301F-11D3-BF4B-00C04F79EFBC}") = "Shared", "Shared\Shared.csproj", "{FFCB0A27-8188-496A-A227-5DAF16B375EC}"
EndProject
Project("{FAE04EC0-301F-11D3-BF4B-00C04F79EFBC}") = "WebAPI", "WebAPI\WebAPI.csproj", "{DA4B3576-108B-47E1-A59C-54805819B6A4}"
EndProject
Global
	GlobalSection(SolutionConfigurationPlatforms) = preSolution
		Debug|Any CPU = Debug|Any CPU
		Release|Any CPU = Release|Any CPU
	EndGlobalSection
	GlobalSection(ProjectConfigurationPlatforms) = postSolution
		{B6816AFE-91FA-4554-86C2-DAA84117305D}.Debug|Any CPU.ActiveCfg = Debug|Any CPU
		{B6816AFE-91FA-4554-86C2-DAA84117305D}.Debug|Any CPU.Build.0 = Debug|Any CPU
		{B6816AFE-91FA-4554-86C2-DAA84117305D}.Release|Any CPU.ActiveCfg = Release|Any CPU
		{B6816AFE-91FA-4554-86C2-DAA84117305D}.Release|Any CPU.Build.0 = Release|Any CPU
		{B848FDEA-17DF-43FC-A80A-341A08ADDB90}.Debug|Any CPU.ActiveCfg = Debug|Any CPU
		{B848FDEA-17DF-43FC-A80A-341A08ADDB90}.Debug|Any CPU.Build.0 = Debug|Any CPU
		{B848FDEA-17DF-43FC-A80A-341A08ADDB90}.Release|Any CPU.ActiveCfg = Release|Any CPU
		{B848FDEA-17DF-43FC-A80A-341A08ADDB90}.Release|Any CPU.Build.0 = Release|Any CPU
		{D35C0EFE-FD50-4D25-8182-13FCFBC8100C}.Debug|Any CPU.ActiveCfg = Debug|Any CPU
		{D35C0EFE-FD50-4D25-8182-13FCFBC8100C}.Debug|Any CPU.Build.0 = Debug|Any CPU
		{D35C0EFE-FD50-4D25-8182-13FCFBC8100C}.Release|Any CPU.ActiveCfg = Release|Any CPU
		{D35C0EFE-FD50-4D25-8182-13FCFBC8100C}.Release|Any CPU.Build.0 = Release|Any CPU
		{FFCB0A27-8188-496A-A227-5DAF16B375EC}.Debug|Any CPU.ActiveCfg = Debug|Any CPU
		{FFCB0A27-8188-496A-A227-5DAF16B375EC}.Debug|Any CPU.Build.0 = Debug|Any CPU
		{FFCB0A27-8188-496A-A227-5DAF16B375EC}.Release|Any CPU.ActiveCfg = Release|Any CPU
		{FFCB0A27-8188-496A-A227-5DAF16B375EC}.Release|Any CPU.Build.0 = Release|Any CPU
		{DA4B3576-108B-47E1-A59C-54805819B6A4}.Debug|Any CPU.ActiveCfg = Debug|Any CPU
		{DA4B3576-108B-47E1-A59C-54805819B6A4}.Debug|Any CPU.Build.0 = Debug|Any CPU
		{DA4B3576-108B-47E1-A59C-54805819B6A4}.Release|Any CPU.ActiveCfg = Release|Any CPU
		{DA4B3576-108B-47E1-A59C-54805819B6A4}.Release|Any CPU.Build.0 = Release|Any CPU
	EndGlobalSection
	GlobalSection(SolutionProperties) = preSolution
		HideSolutionNode = FALSE
	EndGlobalSection
	GlobalSection(NestedProjects) = preSolution
		{89ACCED0-9EB7-4308-968F-3DE1457A76FD} = {A73F7A51-6944-4539-94E6-E114FFE95DCE}
		{E6D5E366-CFC2-4BEE-AB4F-59223C0B889C} = {A73F7A51-6944-4539-94E6-E114FFE95DCE}
		{F9767A71-73F1-4B2F-8F3B-2AD7DB9B068D} = {A73F7A51-6944-4539-94E6-E114FFE95DCE}
		{B6816AFE-91FA-4554-86C2-DAA84117305D} = {89ACCED0-9EB7-4308-968F-3DE1457A76FD}
		{B848FDEA-17DF-43FC-A80A-341A08ADDB90} = {89ACCED0-9EB7-4308-968F-3DE1457A76FD}
		{D35C0EFE-FD50-4D25-8182-13FCFBC8100C} = {E6D5E366-CFC2-4BEE-AB4F-59223C0B889C}
		{FFCB0A27-8188-496A-A227-5DAF16B375EC} = {E6D5E366-CFC2-4BEE-AB4F-59223C0B889C}
		{DA4B3576-108B-47E1-A59C-54805819B6A4} = {F9767A71-73F1-4B2F-8F3B-2AD7DB9B068D}
	EndGlobalSection
	GlobalSection(ExtensibilityGlobals) = postSolution
		SolutionGuid = {011373A7-07AC-4A31-BF5A-73D2185310BF}
	EndGlobalSection
EndGlobal
